
Microsoft Visual Studio Solution File, Format Version 12.00
# Visual Studio Version 16
VisualStudioVersion = 16.0.29920.165
MinimumVisualStudioVersion = 10.0.40219.1
Project("{9A19103F-16F7-4668-BE54-9A1E7A4F7556}") = "mvcdemo", "mvcdemo\mvcdemo.csproj", "{904A044C-0189-495C-BA7C-85B4860DF906}"
EndProject
Global
	GlobalSection(SolutionConfigurationPlatforms) = preSolution
		Debug|Any CPU = Debug|Any CPU
		Release|Any CPU = Release|Any CPU
	EndGlobalSection
	GlobalSection(ProjectConfigurationPlatforms) = postSolution
		{904A044C-0189-495C-BA7C-85B4860DF906}.Debug|Any CPU.ActiveCfg = Debug|Any CPU
		{904A044C-0189-495C-BA7C-85B4860DF906}.Debug|Any CPU.Build.0 = Debug|Any CPU
		{904A044C-0189-495C-BA7C-85B4860DF906}.Release|Any CPU.ActiveCfg = Release|Any CPU
		{904A044C-0189-495C-BA7C-85B4860DF906}.Release|Any CPU.Build.0 = Release|Any CPU
	EndGlobalSection
	GlobalSection(SolutionProperties) = preSolution
		HideSolutionNode = FALSE
	EndGlobalSection
	GlobalSection(ExtensibilityGlobals) = postSolution
		SolutionGuid = {59F0E9A2-0776-43FF-8405-CB4F40F217DC}
	EndGlobalSection
EndGlobal
